
Microsoft Visual Studio Solution File, Format Version 12.00
# Visual Studio Version 17
VisualStudioVersion = 17.14.37314.3 d17.14
MinimumVisualStudioVersion = 10.0.40219.1
Project("{FAE04EC0-301F-11D3-BF4B-00C04F79EFBC}") = "AutoCADToRevitApplication", "AutoCADToRevitApplication.csproj", "{FCD65F58-2221-4F8F-9ED4-BCE996BD1C8E}"
EndProject
Global
	GlobalSection(SolutionConfigurationPlatforms) = preSolution
		Debug|Any CPU = Debug|Any CPU
		Release|Any CPU = Release|Any CPU
	EndGlobalSection
	GlobalSection(ProjectConfigurationPlatforms) = postSolution
		{FCD65F58-2221-4F8F-9ED4-BCE996BD1C8E}.Debug|Any CPU.ActiveCfg = Debug|Any CPU
		{FCD65F58-2221-4F8F-9ED4-BCE996BD1C8E}.Debug|Any CPU.Build.0 = Debug|Any CPU
		{FCD65F58-2221-4F8F-9ED4-BCE996BD1C8E}.Release|Any CPU.ActiveCfg = Release|Any CPU
		{FCD65F58-2221-4F8F-9ED4-BCE996BD1C8E}.Release|Any CPU.Build.0 = Release|Any CPU
	EndGlobalSection
	GlobalSection(SolutionProperties) = preSolution
		HideSolutionNode = FALSE
	EndGlobalSection
	GlobalSection(ExtensibilityGlobals) = postSolution
		SolutionGuid = {791ECB92-4522-47F6-BACB-AC65E30EBC85}
	EndGlobalSection
EndGlobal
